
Microsoft Visual Studio Solution File, Format Version 12.00
# Visual Studio Version 17
VisualStudioVersion = 17.1.32203.90
MinimumVisualStudioVersion = 10.0.40219.1
Project("{FAE04EC0-301F-11D3-BF4B-00C04F79EFBC}") = "kw_null", "kw_null\kw_null.csproj", "{17642304-78E8-4296-B8A2-40C637D085E5}"
EndProject
Global
	GlobalSection(SolutionConfigurationPlatforms) = preSolution
		Debug|Any CPU = Debug|Any CPU
		Release|Any CPU = Release|Any CPU
	EndGlobalSection
	GlobalSection(ProjectConfigurationPlatforms) = postSolution
		{17642304-78E8-4296-B8A2-40C637D085E5}.Debug|Any CPU.ActiveCfg = Debug|Any CPU
		{17642304-78E8-4296-B8A2-40C637D085E5}.Debug|Any CPU.Build.0 = Debug|Any CPU
		{17642304-78E8-4296-B8A2-40C637D085E5}.Release|Any CPU.ActiveCfg = Release|Any CPU
		{17642304-78E8-4296-B8A2-40C637D085E5}.Release|Any CPU.Build.0 = Release|Any CPU
	EndGlobalSection
	GlobalSection(SolutionProperties) = preSolution
		HideSolutionNode = FALSE
	EndGlobalSection
	GlobalSection(ExtensibilityGlobals) = postSolution
		SolutionGuid = {B2DD850B-1102-43A8-AFF1-95B9CD9BC6D7}
	EndGlobalSection
EndGlobal
