
Microsoft Visual Studio Solution File, Format Version 12.00
# Visual Studio Version 17
VisualStudioVersion = 17.1.32104.313
MinimumVisualStudioVersion = 10.0.40219.1
Project("{FAE04EC0-301F-11D3-BF4B-00C04F79EFBC}") = "kw_record", "kw_record\kw_record.csproj", "{E1AAE410-E5FF-4700-A3CC-77568A97A3CA}"
EndProject
Global
	GlobalSection(SolutionConfigurationPlatforms) = preSolution
		Debug|Any CPU = Debug|Any CPU
		Release|Any CPU = Release|Any CPU
	EndGlobalSection
	GlobalSection(ProjectConfigurationPlatforms) = postSolution
		{E1AAE410-E5FF-4700-A3CC-77568A97A3CA}.Debug|Any CPU.ActiveCfg = Debug|Any CPU
		{E1AAE410-E5FF-4700-A3CC-77568A97A3CA}.Debug|Any CPU.Build.0 = Debug|Any CPU
		{E1AAE410-E5FF-4700-A3CC-77568A97A3CA}.Release|Any CPU.ActiveCfg = Release|Any CPU
		{E1AAE410-E5FF-4700-A3CC-77568A97A3CA}.Release|Any CPU.Build.0 = Release|Any CPU
	EndGlobalSection
	GlobalSection(SolutionProperties) = preSolution
		HideSolutionNode = FALSE
	EndGlobalSection
	GlobalSection(ExtensibilityGlobals) = postSolution
		SolutionGuid = {9CD1A98D-C66D-4729-BCE4-51B5E25A1A03}
	EndGlobalSection
EndGlobal
