
Microsoft Visual Studio Solution File, Format Version 12.00
# Visual Studio Version 17
VisualStudioVersion = 17.1.31911.260
MinimumVisualStudioVersion = 10.0.40219.1
Project("{FAE04EC0-301F-11D3-BF4B-00C04F79EFBC}") = "nullCoalescingOperator", "nullCoalescingOperator\nullCoalescingOperator.csproj", "{933B4CBB-AB05-41DB-B87D-EE4A2D2C7B92}"
EndProject
Global
	GlobalSection(SolutionConfigurationPlatforms) = preSolution
		Debug|Any CPU = Debug|Any CPU
		Release|Any CPU = Release|Any CPU
	EndGlobalSection
	GlobalSection(ProjectConfigurationPlatforms) = postSolution
		{933B4CBB-AB05-41DB-B87D-EE4A2D2C7B92}.Debug|Any CPU.ActiveCfg = Debug|Any CPU
		{933B4CBB-AB05-41DB-B87D-EE4A2D2C7B92}.Debug|Any CPU.Build.0 = Debug|Any CPU
		{933B4CBB-AB05-41DB-B87D-EE4A2D2C7B92}.Release|Any CPU.ActiveCfg = Release|Any CPU
		{933B4CBB-AB05-41DB-B87D-EE4A2D2C7B92}.Release|Any CPU.Build.0 = Release|Any CPU
	EndGlobalSection
	GlobalSection(SolutionProperties) = preSolution
		HideSolutionNode = FALSE
	EndGlobalSection
	GlobalSection(ExtensibilityGlobals) = postSolution
		SolutionGuid = {D33A23DF-F55A-48E9-9C2D-E45A3DA1387A}
	EndGlobalSection
EndGlobal
