
Microsoft Visual Studio Solution File, Format Version 12.00
# Visual Studio Version 17
VisualStudioVersion = 17.1.31911.260
MinimumVisualStudioVersion = 10.0.40219.1
Project("{FAE04EC0-301F-11D3-BF4B-00C04F79EFBC}") = "incrementDecrement", "incrementDecrement\incrementDecrement.csproj", "{705F713C-7C0D-412F-9859-3D3F69328418}"
EndProject
Global
	GlobalSection(SolutionConfigurationPlatforms) = preSolution
		Debug|Any CPU = Debug|Any CPU
		Release|Any CPU = Release|Any CPU
	EndGlobalSection
	GlobalSection(ProjectConfigurationPlatforms) = postSolution
		{705F713C-7C0D-412F-9859-3D3F69328418}.Debug|Any CPU.ActiveCfg = Debug|Any CPU
		{705F713C-7C0D-412F-9859-3D3F69328418}.Debug|Any CPU.Build.0 = Debug|Any CPU
		{705F713C-7C0D-412F-9859-3D3F69328418}.Release|Any CPU.ActiveCfg = Release|Any CPU
		{705F713C-7C0D-412F-9859-3D3F69328418}.Release|Any CPU.Build.0 = Release|Any CPU
	EndGlobalSection
	GlobalSection(SolutionProperties) = preSolution
		HideSolutionNode = FALSE
	EndGlobalSection
	GlobalSection(ExtensibilityGlobals) = postSolution
		SolutionGuid = {28730742-65F3-494F-8675-C7338ED54111}
	EndGlobalSection
EndGlobal
