
Microsoft Visual Studio Solution File, Format Version 12.00
# Visual Studio Version 17
VisualStudioVersion = 17.1.32203.90
MinimumVisualStudioVersion = 10.0.40219.1
Project("{FAE04EC0-301F-11D3-BF4B-00C04F79EFBC}") = "collectionInitializers", "collectionInitializers\collectionInitializers.csproj", "{31340804-06B0-4EAA-A169-5E81CE1407D4}"
EndProject
Global
	GlobalSection(SolutionConfigurationPlatforms) = preSolution
		Debug|Any CPU = Debug|Any CPU
		Release|Any CPU = Release|Any CPU
	EndGlobalSection
	GlobalSection(ProjectConfigurationPlatforms) = postSolution
		{31340804-06B0-4EAA-A169-5E81CE1407D4}.Debug|Any CPU.ActiveCfg = Debug|Any CPU
		{31340804-06B0-4EAA-A169-5E81CE1407D4}.Debug|Any CPU.Build.0 = Debug|Any CPU
		{31340804-06B0-4EAA-A169-5E81CE1407D4}.Release|Any CPU.ActiveCfg = Release|Any CPU
		{31340804-06B0-4EAA-A169-5E81CE1407D4}.Release|Any CPU.Build.0 = Release|Any CPU
	EndGlobalSection
	GlobalSection(SolutionProperties) = preSolution
		HideSolutionNode = FALSE
	EndGlobalSection
	GlobalSection(ExtensibilityGlobals) = postSolution
		SolutionGuid = {86AA6BC2-FB92-4304-808B-550041DF75B3}
	EndGlobalSection
EndGlobal
