
Microsoft Visual Studio Solution File, Format Version 12.00
# Visual Studio Version 17
VisualStudioVersion = 17.1.31911.260
MinimumVisualStudioVersion = 10.0.40219.1
Project("{FAE04EC0-301F-11D3-BF4B-00C04F79EFBC}") = "passingParameters", "passingParameters\passingParameters.csproj", "{B120A091-C759-4DF0-8659-A827A209A6C8}"
EndProject
Global
	GlobalSection(SolutionConfigurationPlatforms) = preSolution
		Debug|Any CPU = Debug|Any CPU
		Release|Any CPU = Release|Any CPU
	EndGlobalSection
	GlobalSection(ProjectConfigurationPlatforms) = postSolution
		{B120A091-C759-4DF0-8659-A827A209A6C8}.Debug|Any CPU.ActiveCfg = Debug|Any CPU
		{B120A091-C759-4DF0-8659-A827A209A6C8}.Debug|Any CPU.Build.0 = Debug|Any CPU
		{B120A091-C759-4DF0-8659-A827A209A6C8}.Release|Any CPU.ActiveCfg = Release|Any CPU
		{B120A091-C759-4DF0-8659-A827A209A6C8}.Release|Any CPU.Build.0 = Release|Any CPU
	EndGlobalSection
	GlobalSection(SolutionProperties) = preSolution
		HideSolutionNode = FALSE
	EndGlobalSection
	GlobalSection(ExtensibilityGlobals) = postSolution
		SolutionGuid = {89E862DA-CDC5-42BE-8940-5DB747E2EB97}
	EndGlobalSection
EndGlobal
