
Microsoft Visual Studio Solution File, Format Version 12.00
# Visual Studio Version 17
VisualStudioVersion = 17.1.32104.313
MinimumVisualStudioVersion = 10.0.40219.1
Project("{FAE04EC0-301F-11D3-BF4B-00C04F79EFBC}") = "kw_abstract_interface", "kw_abstract_interface\kw_abstract_interface.csproj", "{50EAE83F-F64C-4DB5-8CB2-DC7F3E989407}"
EndProject
Global
	GlobalSection(SolutionConfigurationPlatforms) = preSolution
		Debug|Any CPU = Debug|Any CPU
		Release|Any CPU = Release|Any CPU
	EndGlobalSection
	GlobalSection(ProjectConfigurationPlatforms) = postSolution
		{50EAE83F-F64C-4DB5-8CB2-DC7F3E989407}.Debug|Any CPU.ActiveCfg = Debug|Any CPU
		{50EAE83F-F64C-4DB5-8CB2-DC7F3E989407}.Debug|Any CPU.Build.0 = Debug|Any CPU
		{50EAE83F-F64C-4DB5-8CB2-DC7F3E989407}.Release|Any CPU.ActiveCfg = Release|Any CPU
		{50EAE83F-F64C-4DB5-8CB2-DC7F3E989407}.Release|Any CPU.Build.0 = Release|Any CPU
	EndGlobalSection
	GlobalSection(SolutionProperties) = preSolution
		HideSolutionNode = FALSE
	EndGlobalSection
	GlobalSection(ExtensibilityGlobals) = postSolution
		SolutionGuid = {7EA10BA5-E7CA-4CE5-A757-5E2F1124FC7B}
	EndGlobalSection
EndGlobal
