
Microsoft Visual Studio Solution File, Format Version 12.00
# Visual Studio Version 17
VisualStudioVersion = 17.1.32203.90
MinimumVisualStudioVersion = 10.0.40219.1
Project("{FAE04EC0-301F-11D3-BF4B-00C04F79EFBC}") = "kw_task", "kw_task\kw_task.csproj", "{1FE69391-DFC1-43B5-B794-3619FB6AA075}"
EndProject
Global
	GlobalSection(SolutionConfigurationPlatforms) = preSolution
		Debug|Any CPU = Debug|Any CPU
		Release|Any CPU = Release|Any CPU
	EndGlobalSection
	GlobalSection(ProjectConfigurationPlatforms) = postSolution
		{1FE69391-DFC1-43B5-B794-3619FB6AA075}.Debug|Any CPU.ActiveCfg = Debug|Any CPU
		{1FE69391-DFC1-43B5-B794-3619FB6AA075}.Debug|Any CPU.Build.0 = Debug|Any CPU
		{1FE69391-DFC1-43B5-B794-3619FB6AA075}.Release|Any CPU.ActiveCfg = Release|Any CPU
		{1FE69391-DFC1-43B5-B794-3619FB6AA075}.Release|Any CPU.Build.0 = Release|Any CPU
	EndGlobalSection
	GlobalSection(SolutionProperties) = preSolution
		HideSolutionNode = FALSE
	EndGlobalSection
	GlobalSection(ExtensibilityGlobals) = postSolution
		SolutionGuid = {1488A2DF-3F07-468D-9273-56BB04A266C9}
	EndGlobalSection
EndGlobal
