
Microsoft Visual Studio Solution File, Format Version 12.00
# Visual Studio Version 17
VisualStudioVersion = 17.1.31903.286
MinimumVisualStudioVersion = 10.0.40219.1
Project("{FAE04EC0-301F-11D3-BF4B-00C04F79EFBC}") = "stringConstans", "stringConstans\stringConstans.csproj", "{3D051767-30D7-4DBD-8DD4-39481DB0B185}"
EndProject
Global
	GlobalSection(SolutionConfigurationPlatforms) = preSolution
		Debug|Any CPU = Debug|Any CPU
		Release|Any CPU = Release|Any CPU
	EndGlobalSection
	GlobalSection(ProjectConfigurationPlatforms) = postSolution
		{3D051767-30D7-4DBD-8DD4-39481DB0B185}.Debug|Any CPU.ActiveCfg = Debug|Any CPU
		{3D051767-30D7-4DBD-8DD4-39481DB0B185}.Debug|Any CPU.Build.0 = Debug|Any CPU
		{3D051767-30D7-4DBD-8DD4-39481DB0B185}.Release|Any CPU.ActiveCfg = Release|Any CPU
		{3D051767-30D7-4DBD-8DD4-39481DB0B185}.Release|Any CPU.Build.0 = Release|Any CPU
	EndGlobalSection
	GlobalSection(SolutionProperties) = preSolution
		HideSolutionNode = FALSE
	EndGlobalSection
	GlobalSection(ExtensibilityGlobals) = postSolution
		SolutionGuid = {2A519382-2036-496E-AB2C-66CA39BB50A4}
	EndGlobalSection
EndGlobal
