
Microsoft Visual Studio Solution File, Format Version 12.00
# Visual Studio Version 17
VisualStudioVersion = 17.1.31911.260
MinimumVisualStudioVersion = 10.0.40219.1
Project("{FAE04EC0-301F-11D3-BF4B-00C04F79EFBC}") = "nullable", "nullable\nullable.csproj", "{F740EA78-11B4-4998-831A-EBD9BD6F49B6}"
EndProject
Global
	GlobalSection(SolutionConfigurationPlatforms) = preSolution
		Debug|Any CPU = Debug|Any CPU
		Release|Any CPU = Release|Any CPU
	EndGlobalSection
	GlobalSection(ProjectConfigurationPlatforms) = postSolution
		{F740EA78-11B4-4998-831A-EBD9BD6F49B6}.Debug|Any CPU.ActiveCfg = Debug|Any CPU
		{F740EA78-11B4-4998-831A-EBD9BD6F49B6}.Debug|Any CPU.Build.0 = Debug|Any CPU
		{F740EA78-11B4-4998-831A-EBD9BD6F49B6}.Release|Any CPU.ActiveCfg = Release|Any CPU
		{F740EA78-11B4-4998-831A-EBD9BD6F49B6}.Release|Any CPU.Build.0 = Release|Any CPU
	EndGlobalSection
	GlobalSection(SolutionProperties) = preSolution
		HideSolutionNode = FALSE
	EndGlobalSection
	GlobalSection(ExtensibilityGlobals) = postSolution
		SolutionGuid = {E684A2BF-BFD7-4B6C-9702-F5AE5E6DB865}
	EndGlobalSection
EndGlobal
