
Microsoft Visual Studio Solution File, Format Version 12.00
# Visual Studio Version 17
VisualStudioVersion = 17.1.31911.260
MinimumVisualStudioVersion = 10.0.40219.1
Project("{FAE04EC0-301F-11D3-BF4B-00C04F79EFBC}") = "lambdaOperator", "lambdaOperator\lambdaOperator.csproj", "{7E7A480D-B639-4DB8-B1D9-AF32DA66B3A1}"
EndProject
Global
	GlobalSection(SolutionConfigurationPlatforms) = preSolution
		Debug|Any CPU = Debug|Any CPU
		Release|Any CPU = Release|Any CPU
	EndGlobalSection
	GlobalSection(ProjectConfigurationPlatforms) = postSolution
		{7E7A480D-B639-4DB8-B1D9-AF32DA66B3A1}.Debug|Any CPU.ActiveCfg = Debug|Any CPU
		{7E7A480D-B639-4DB8-B1D9-AF32DA66B3A1}.Debug|Any CPU.Build.0 = Debug|Any CPU
		{7E7A480D-B639-4DB8-B1D9-AF32DA66B3A1}.Release|Any CPU.ActiveCfg = Release|Any CPU
		{7E7A480D-B639-4DB8-B1D9-AF32DA66B3A1}.Release|Any CPU.Build.0 = Release|Any CPU
	EndGlobalSection
	GlobalSection(SolutionProperties) = preSolution
		HideSolutionNode = FALSE
	EndGlobalSection
	GlobalSection(ExtensibilityGlobals) = postSolution
		SolutionGuid = {2A7986B2-76CB-40E9-91C7-8FE8A23BCECE}
	EndGlobalSection
EndGlobal
