
Microsoft Visual Studio Solution File, Format Version 12.00
# Visual Studio Version 17
VisualStudioVersion = 17.1.32120.378
MinimumVisualStudioVersion = 10.0.40219.1
Project("{FAE04EC0-301F-11D3-BF4B-00C04F79EFBC}") = "kw_partial", "kw_partial\kw_partial.csproj", "{A68AB991-7264-47CD-BDD6-FC0B7892968B}"
EndProject
Global
	GlobalSection(SolutionConfigurationPlatforms) = preSolution
		Debug|Any CPU = Debug|Any CPU
		Release|Any CPU = Release|Any CPU
	EndGlobalSection
	GlobalSection(ProjectConfigurationPlatforms) = postSolution
		{A68AB991-7264-47CD-BDD6-FC0B7892968B}.Debug|Any CPU.ActiveCfg = Debug|Any CPU
		{A68AB991-7264-47CD-BDD6-FC0B7892968B}.Debug|Any CPU.Build.0 = Debug|Any CPU
		{A68AB991-7264-47CD-BDD6-FC0B7892968B}.Release|Any CPU.ActiveCfg = Release|Any CPU
		{A68AB991-7264-47CD-BDD6-FC0B7892968B}.Release|Any CPU.Build.0 = Release|Any CPU
	EndGlobalSection
	GlobalSection(SolutionProperties) = preSolution
		HideSolutionNode = FALSE
	EndGlobalSection
	GlobalSection(ExtensibilityGlobals) = postSolution
		SolutionGuid = {E2D608BB-5FC5-4AE1-8D03-C129CEA2AFFB}
	EndGlobalSection
EndGlobal
