
Microsoft Visual Studio Solution File, Format Version 12.00
# Visual Studio Version 17
VisualStudioVersion = 17.2.32210.308
MinimumVisualStudioVersion = 10.0.40219.1
Project("{FAE04EC0-301F-11D3-BF4B-00C04F79EFBC}") = "SamplePrimeNumber", "SamplePrimeNumber\SamplePrimeNumber.csproj", "{9B108047-964F-4405-B694-D1D0CD785621}"
EndProject
Global
	GlobalSection(SolutionConfigurationPlatforms) = preSolution
		Debug|Any CPU = Debug|Any CPU
		Release|Any CPU = Release|Any CPU
	EndGlobalSection
	GlobalSection(ProjectConfigurationPlatforms) = postSolution
		{9B108047-964F-4405-B694-D1D0CD785621}.Debug|Any CPU.ActiveCfg = Debug|Any CPU
		{9B108047-964F-4405-B694-D1D0CD785621}.Debug|Any CPU.Build.0 = Debug|Any CPU
		{9B108047-964F-4405-B694-D1D0CD785621}.Release|Any CPU.ActiveCfg = Release|Any CPU
		{9B108047-964F-4405-B694-D1D0CD785621}.Release|Any CPU.Build.0 = Release|Any CPU
	EndGlobalSection
	GlobalSection(SolutionProperties) = preSolution
		HideSolutionNode = FALSE
	EndGlobalSection
	GlobalSection(ExtensibilityGlobals) = postSolution
		SolutionGuid = {2346A2F3-BF7F-4729-A8B7-B688241E486F}
	EndGlobalSection
EndGlobal
