
Microsoft Visual Studio Solution File, Format Version 12.00
# Visual Studio Version 17
VisualStudioVersion = 17.1.32120.378
MinimumVisualStudioVersion = 10.0.40219.1
Project("{FAE04EC0-301F-11D3-BF4B-00C04F79EFBC}") = "kw_namespace", "kw_namespace\kw_namespace.csproj", "{BFFF7EBA-51F4-4C18-AE51-CED1DC3321CC}"
EndProject
Global
	GlobalSection(SolutionConfigurationPlatforms) = preSolution
		Debug|Any CPU = Debug|Any CPU
		Release|Any CPU = Release|Any CPU
	EndGlobalSection
	GlobalSection(ProjectConfigurationPlatforms) = postSolution
		{BFFF7EBA-51F4-4C18-AE51-CED1DC3321CC}.Debug|Any CPU.ActiveCfg = Debug|Any CPU
		{BFFF7EBA-51F4-4C18-AE51-CED1DC3321CC}.Debug|Any CPU.Build.0 = Debug|Any CPU
		{BFFF7EBA-51F4-4C18-AE51-CED1DC3321CC}.Release|Any CPU.ActiveCfg = Release|Any CPU
		{BFFF7EBA-51F4-4C18-AE51-CED1DC3321CC}.Release|Any CPU.Build.0 = Release|Any CPU
	EndGlobalSection
	GlobalSection(SolutionProperties) = preSolution
		HideSolutionNode = FALSE
	EndGlobalSection
	GlobalSection(ExtensibilityGlobals) = postSolution
		SolutionGuid = {F8C4F342-EB7D-4B3B-8172-DCFC7ABC8632}
	EndGlobalSection
EndGlobal
