
Microsoft Visual Studio Solution File, Format Version 12.00
# Visual Studio Version 17
VisualStudioVersion = 17.1.32104.313
MinimumVisualStudioVersion = 10.0.40219.1
Project("{FAE04EC0-301F-11D3-BF4B-00C04F79EFBC}") = "kw_class", "kw_class\kw_class.csproj", "{FEF00CAB-5A7E-4F87-BE61-330B3130118E}"
EndProject
Global
	GlobalSection(SolutionConfigurationPlatforms) = preSolution
		Debug|Any CPU = Debug|Any CPU
		Release|Any CPU = Release|Any CPU
	EndGlobalSection
	GlobalSection(ProjectConfigurationPlatforms) = postSolution
		{FEF00CAB-5A7E-4F87-BE61-330B3130118E}.Debug|Any CPU.ActiveCfg = Debug|Any CPU
		{FEF00CAB-5A7E-4F87-BE61-330B3130118E}.Debug|Any CPU.Build.0 = Debug|Any CPU
		{FEF00CAB-5A7E-4F87-BE61-330B3130118E}.Release|Any CPU.ActiveCfg = Release|Any CPU
		{FEF00CAB-5A7E-4F87-BE61-330B3130118E}.Release|Any CPU.Build.0 = Release|Any CPU
	EndGlobalSection
	GlobalSection(SolutionProperties) = preSolution
		HideSolutionNode = FALSE
	EndGlobalSection
	GlobalSection(ExtensibilityGlobals) = postSolution
		SolutionGuid = {A65015F5-2898-45C7-A9C8-92C7F537CB12}
	EndGlobalSection
EndGlobal
