
Microsoft Visual Studio Solution File, Format Version 12.00
# Visual Studio Version 17
VisualStudioVersion = 17.1.31911.260
MinimumVisualStudioVersion = 10.0.40219.1
Project("{FAE04EC0-301F-11D3-BF4B-00C04F79EFBC}") = "kw_return", "kw_return\kw_return.csproj", "{F4A8F31C-1AD6-47E8-853B-33E23E28DAEC}"
EndProject
Global
	GlobalSection(SolutionConfigurationPlatforms) = preSolution
		Debug|Any CPU = Debug|Any CPU
		Release|Any CPU = Release|Any CPU
	EndGlobalSection
	GlobalSection(ProjectConfigurationPlatforms) = postSolution
		{F4A8F31C-1AD6-47E8-853B-33E23E28DAEC}.Debug|Any CPU.ActiveCfg = Debug|Any CPU
		{F4A8F31C-1AD6-47E8-853B-33E23E28DAEC}.Debug|Any CPU.Build.0 = Debug|Any CPU
		{F4A8F31C-1AD6-47E8-853B-33E23E28DAEC}.Release|Any CPU.ActiveCfg = Release|Any CPU
		{F4A8F31C-1AD6-47E8-853B-33E23E28DAEC}.Release|Any CPU.Build.0 = Release|Any CPU
	EndGlobalSection
	GlobalSection(SolutionProperties) = preSolution
		HideSolutionNode = FALSE
	EndGlobalSection
	GlobalSection(ExtensibilityGlobals) = postSolution
		SolutionGuid = {E31DC499-ACB0-4FD9-9A80-6398E16EBE22}
	EndGlobalSection
EndGlobal
