
Microsoft Visual Studio Solution File, Format Version 12.00
# Visual Studio Version 17
VisualStudioVersion = 17.1.32203.90
MinimumVisualStudioVersion = 10.0.40219.1
Project("{FAE04EC0-301F-11D3-BF4B-00C04F79EFBC}") = "kw_delegate", "kw_delegate\kw_delegate.csproj", "{D76C1D74-98A9-48EF-89C3-EE1CDD96E888}"
EndProject
Global
	GlobalSection(SolutionConfigurationPlatforms) = preSolution
		Debug|Any CPU = Debug|Any CPU
		Release|Any CPU = Release|Any CPU
	EndGlobalSection
	GlobalSection(ProjectConfigurationPlatforms) = postSolution
		{D76C1D74-98A9-48EF-89C3-EE1CDD96E888}.Debug|Any CPU.ActiveCfg = Debug|Any CPU
		{D76C1D74-98A9-48EF-89C3-EE1CDD96E888}.Debug|Any CPU.Build.0 = Debug|Any CPU
		{D76C1D74-98A9-48EF-89C3-EE1CDD96E888}.Release|Any CPU.ActiveCfg = Release|Any CPU
		{D76C1D74-98A9-48EF-89C3-EE1CDD96E888}.Release|Any CPU.Build.0 = Release|Any CPU
	EndGlobalSection
	GlobalSection(SolutionProperties) = preSolution
		HideSolutionNode = FALSE
	EndGlobalSection
	GlobalSection(ExtensibilityGlobals) = postSolution
		SolutionGuid = {91B8FB2C-E734-469A-B155-9486B6D5465F}
	EndGlobalSection
EndGlobal
