
Microsoft Visual Studio Solution File, Format Version 12.00
# Visual Studio Version 17
VisualStudioVersion = 17.2.32210.308
MinimumVisualStudioVersion = 10.0.40219.1
Project("{FAE04EC0-301F-11D3-BF4B-00C04F79EFBC}") = "SampleRot13", "SampleRot13\SampleRot13.csproj", "{D901626D-DC74-4571-88AC-E31A9E346CEE}"
EndProject
Global
	GlobalSection(SolutionConfigurationPlatforms) = preSolution
		Debug|Any CPU = Debug|Any CPU
		Release|Any CPU = Release|Any CPU
	EndGlobalSection
	GlobalSection(ProjectConfigurationPlatforms) = postSolution
		{D901626D-DC74-4571-88AC-E31A9E346CEE}.Debug|Any CPU.ActiveCfg = Debug|Any CPU
		{D901626D-DC74-4571-88AC-E31A9E346CEE}.Debug|Any CPU.Build.0 = Debug|Any CPU
		{D901626D-DC74-4571-88AC-E31A9E346CEE}.Release|Any CPU.ActiveCfg = Release|Any CPU
		{D901626D-DC74-4571-88AC-E31A9E346CEE}.Release|Any CPU.Build.0 = Release|Any CPU
	EndGlobalSection
	GlobalSection(SolutionProperties) = preSolution
		HideSolutionNode = FALSE
	EndGlobalSection
	GlobalSection(ExtensibilityGlobals) = postSolution
		SolutionGuid = {11FD2365-E018-48C1-81B8-094077D90E27}
	EndGlobalSection
EndGlobal
