
Microsoft Visual Studio Solution File, Format Version 12.00
# Visual Studio Version 17
VisualStudioVersion = 17.1.31911.260
MinimumVisualStudioVersion = 10.0.40219.1
Project("{FAE04EC0-301F-11D3-BF4B-00C04F79EFBC}") = "kw_switch", "kw_switch\kw_switch.csproj", "{98A77D15-0DF9-4892-8017-6AF0783AAD4E}"
EndProject
Global
	GlobalSection(SolutionConfigurationPlatforms) = preSolution
		Debug|Any CPU = Debug|Any CPU
		Release|Any CPU = Release|Any CPU
	EndGlobalSection
	GlobalSection(ProjectConfigurationPlatforms) = postSolution
		{98A77D15-0DF9-4892-8017-6AF0783AAD4E}.Debug|Any CPU.ActiveCfg = Debug|Any CPU
		{98A77D15-0DF9-4892-8017-6AF0783AAD4E}.Debug|Any CPU.Build.0 = Debug|Any CPU
		{98A77D15-0DF9-4892-8017-6AF0783AAD4E}.Release|Any CPU.ActiveCfg = Release|Any CPU
		{98A77D15-0DF9-4892-8017-6AF0783AAD4E}.Release|Any CPU.Build.0 = Release|Any CPU
	EndGlobalSection
	GlobalSection(SolutionProperties) = preSolution
		HideSolutionNode = FALSE
	EndGlobalSection
	GlobalSection(ExtensibilityGlobals) = postSolution
		SolutionGuid = {FB5DA98A-C9AC-4B81-B22E-CB4BCB0098FB}
	EndGlobalSection
EndGlobal
